{
    "_meta": {
        "hash": {
            "sha256": "5486e391ff19401770a1780bb1d153ac9aa2aac30744298865e52eda98221a6c"
        },
        "pipfile-spec": 6,
        "requires": {
            "python_version": "3.6"
        },
        "sources": [
            {
                "name": "pypi",
                "url": "https://pypi.python.org/simple",
                "verify_ssl": true
            }
        ]
    },
    "default": {
        "certifi": {
            "hashes": [
                "sha256:017c25db2a153ce562900032d5bc68e9f191e44e9a0f762f373977de9df1fbb3",
                "sha256:25b64c7da4cd7479594d035c08c2d809eb4aab3a26e5a990ea98cc450c320f1f"
            ],
            "version": "==2019.11.28"
        },
        "chardet": {
            "hashes": [
                "sha256:84ab92ed1c4d4f16916e05906b6b75a6c0fb5db821cc65e70cbd64a3e2a5eaae",
                "sha256:fc323ffcaeaed0e0a02bf4d117757b98aed530d9ed4531e3e15460124c106691"
            ],
            "version": "==3.0.4"
        },
        "elasticsearch": {
            "hashes": [
                "sha256:503c498234dd572896e563386181d7cb966ab3db68b0b132a26c5dabfd5dde24",
                "sha256:b106fa3e01750376a42f8a9882bd84d630fda58c7aba38b4fec797d11c0bd0a2"
            ],
            "index": "pypi",
            "version": "==6.2.0"
        },
        "googlemaps": {
            "hashes": [
                "sha256:8091b8362691063ce8a82a352c901f16be3d9a516a2c04e039e1e78bc0c8d8b4",
                "sha256:fcd5792aa5dae3c5d7200da64dd6494ff0a1b9ac4d1ff50c0b4f7ad788a3f10f"
            ],
            "index": "pypi",
            "version": "==2.5.1"
        },
        "idna": {
            "hashes": [
                "sha256:156a6814fb5ac1fc6850fb002e0852d56c0c8d2531923a51032d1b70760e186e",
                "sha256:684a38a6f903c1d71d6d5fac066b58d7768af4de2b832e426ec79c30daa94a16"
            ],
            "version": "==2.7"
        },
        "requests": {
            "hashes": [
                "sha256:99dcfdaaeb17caf6e526f32b6a7b780461512ab3f1d992187801694cba42770c",
                "sha256:a84b8c9ab6239b578f22d1c21d51b696dcfe004032bb80ea832398d6909d7279"
            ],
            "index": "pypi",
            "version": "==2.20.0"
        },
        "urllib3": {
            "hashes": [
                "sha256:06330f386d6e4b195fbfc736b297f58c5a892e4440e54d294d7004e3a9bbea1b",
                "sha256:cc44da8e1145637334317feebd728bd869a35285b93cbb4cca2577da7e62db4f"
            ],
            "version": "==1.22"
        }
    },
    "develop": {}
}
